# This file is automatically @generated by Cargo.
# It is not intended for manual editing.
version = 3

[[package]]
name = "arrayvec"
version = "0.7.4"
source = "registry+https://github.com/rust-lang/crates.io-index"
checksum = "96d30a06541fbafbc7f82ed10c06164cfbd2c401138f6addd8404629c4b16711"

[[package]]
name = "bitflags"
version = "1.3.2"
source = "registry+https://github.com/rust-lang/crates.io-index"
checksum = "bef38d45163c2f1dde094a7dfd33ccf595c92905c8f8f4fdc18d06fb1037718a"

[[package]]
name = "bytemuck"
version = "1.14.0"
source = "registry+https://github.com/rust-lang/crates.io-index"
checksum = "374d28ec25809ee0e23827c2ab573d729e293f281dfe393500e7ad618baa61c6"

[[package]]
name = "cfg-if"
version = "1.0.0"
source = "registry+https://github.com/rust-lang/crates.io-index"
checksum = "baf1de4339761588bc0619e3cbc0120ee582ebb74b53b4efbf79117bd2da40fd"

[[package]]
name = "encoding_rs"
version = "0.8.33"
source = "registry+https://github.com/rust-lang/crates.io-index"
checksum = "7268b386296a025e474d5140678f75d6de9493ae55a5d709eeb9dd08149945e1"
dependencies = [
 "cfg-if",
]

[[package]]
name = "hound"
version = "3.5.1"
source = "registry+https://github.com/rust-lang/crates.io-index"
checksum = "62adaabb884c94955b19907d60019f4e145d091c75345379e70d1ee696f7854f"

[[package]]
name = "lazy_static"
version = "1.4.0"
source = "registry+https://github.com/rust-lang/crates.io-index"
checksum = "e2abad23fbc42b3700f2f279844dc832adb2b2eb069b2df918f455c4e18cc646"

[[package]]
name = "log"
version = "0.4.20"
source = "registry+https://github.com/rust-lang/crates.io-index"
checksum = "b5e6163cb8c49088c2c36f57875e58ccd8c87c7427f7fbd50ea6710b2f3f2e8f"

[[package]]
name = "muslib"
version = "0.1.0"
dependencies = [
 "hound",
 "symphonia",
]

[[package]]
name = "symphonia"
version = "0.5.3"
source = "registry+https://github.com/rust-lang/crates.io-index"
checksum = "62e48dba70095f265fdb269b99619b95d04c89e619538138383e63310b14d941"
dependencies = [
 "lazy_static",
 "symphonia-bundle-flac",
 "symphonia-codec-adpcm",
 "symphonia-codec-pcm",
 "symphonia-codec-vorbis",
 "symphonia-core",
 "symphonia-format-mkv",
 "symphonia-format-ogg",
 "symphonia-format-wav",
 "symphonia-metadata",
]

[[package]]
name = "symphonia-bundle-flac"
version = "0.5.3"
source = "registry+https://github.com/rust-lang/crates.io-index"
checksum = "7f23b0482a7cb18fcdf9981ab0b78df800ef0080187d294650023c462439058d"
dependencies = [
 "log",
 "symphonia-core",
 "symphonia-metadata",
 "symphonia-utils-xiph",
]

[[package]]
name = "symphonia-codec-adpcm"
version = "0.5.3"
source = "registry+https://github.com/rust-lang/crates.io-index"
checksum = "870e7dc1865d818c7b6318879d060553a73a3b2a3b8443dff90910f10ac41150"
dependencies = [
 "log",
 "symphonia-core",
]

[[package]]
name = "symphonia-codec-pcm"
version = "0.5.3"
source = "registry+https://github.com/rust-lang/crates.io-index"
checksum = "47f1fbd220a06a641c8ce2ddad10f5ef6ee5cc0c54d9044d25d43b0d3119deaa"
dependencies = [
 "log",
 "symphonia-core",
]

[[package]]
name = "symphonia-codec-vorbis"
version = "0.5.3"
source = "registry+https://github.com/rust-lang/crates.io-index"
checksum = "3953397e3506aa01350c4205817e4f95b58d476877a42f0458d07b665749e203"
dependencies = [
 "log",
 "symphonia-core",
 "symphonia-utils-xiph",
]

[[package]]
name = "symphonia-core"
version = "0.5.3"
source = "registry+https://github.com/rust-lang/crates.io-index"
checksum = "f7c73eb88fee79705268cc7b742c7bc93a7b76e092ab751d0833866970754142"
dependencies = [
 "arrayvec",
 "bitflags",
 "bytemuck",
 "lazy_static",
 "log",
]

[[package]]
name = "symphonia-format-mkv"
version = "0.5.3"
source = "registry+https://github.com/rust-lang/crates.io-index"
checksum = "f5c61dfc851ad25d4043d8c231d8617e8f7cd02a6cc0edad21ade21848d58895"
dependencies = [
 "lazy_static",
 "log",
 "symphonia-core",
 "symphonia-metadata",
 "symphonia-utils-xiph",
]

[[package]]
name = "symphonia-format-ogg"
version = "0.5.3"
source = "registry+https://github.com/rust-lang/crates.io-index"
checksum = "9bf1a00ccd11452d44048a0368828040f778ae650418dbd9d8765b7ee2574c8d"
dependencies = [
 "log",
 "symphonia-core",
 "symphonia-metadata",
 "symphonia-utils-xiph",
]

[[package]]
name = "symphonia-format-wav"
version = "0.5.3"
source = "registry+https://github.com/rust-lang/crates.io-index"
checksum = "da76614728fa27c003bdcdfbac51396bd8fcbf94c95fe8e62f1d2bac58ef03a4"
dependencies = [
 "log",
 "symphonia-core",
 "symphonia-metadata",
]

[[package]]
name = "symphonia-metadata"
version = "0.5.3"
source = "registry+https://github.com/rust-lang/crates.io-index"
checksum = "89c3e1937e31d0e068bbe829f66b2f2bfaa28d056365279e0ef897172c3320c0"
dependencies = [
 "encoding_rs",
 "lazy_static",
 "log",
 "symphonia-core",
]

[[package]]
name = "symphonia-utils-xiph"
version = "0.5.3"
source = "registry+https://github.com/rust-lang/crates.io-index"
checksum = "a450ca645b80d69aff8b35576cbfdc7f20940b29998202aab910045714c951f8"
dependencies = [
 "symphonia-core",
 "symphonia-metadata",
]
